// !$*UTF8*$!
{
	archiveVersion = 1;
	classes = {
	};
	objectVersion = 77;
	objects = {

/* Begin PBXBuildFile section */
		83D88C052E12564300EE6B69 /* SwiftUI_MVVM_MapApp.swift in Sources */ = {isa = PBXBuildFile; fileRef = 83D88C022E12564300EE6B69 /* SwiftUI_MVVM_MapApp.swift */; };
		83D88C062E12564300EE6B69 /* Assets.xcassets in Resources */ = {isa = PBXBuildFile; fileRef = 83D88C002E12564300EE6B69 /* Assets.xcassets */; };
		83D88C082E12570200EE6B69 /* AppDelegate.swift in Sources */ = {isa = PBXBuildFile; fileRef = 83D88C072E12570000EE6B69 /* AppDelegate.swift */; };
		83D88C0B2E12576D00EE6B69 /* LocationManager.swift in Sources */ = {isa = PBXBuildFile; fileRef = 83D88C0A2E12576B00EE6B69 /* LocationManager.swift */; };
		83D88C0E2E1257CD00EE6B69 /* GoogleMapView.swift in Sources */ = {isa = PBXBuildFile; fileRef = 83D88C0D2E1257CC00EE6B69 /* GoogleMapView.swift */; };
		83D88C112E1257EB00EE6B69 /* CurrentLocationView.swift in Sources */ = {isa = PBXBuildFile; fileRef = 83D88C102E1257EA00EE6B69 /* CurrentLocationView.swift */; };
		83D88C132E125A6300EE6B69 /* UserLocation.swift in Sources */ = {isa = PBXBuildFile; fileRef = 83D88C122E125A6100EE6B69 /* UserLocation.swift */; };
		EDD24D1AF280EB33F445FC24 /* Pods_SwiftUI_MVVM_Map.framework in Frameworks */ = {isa = PBXBuildFile; fileRef = 59B602C1A530746911D05323 /* Pods_SwiftUI_MVVM_Map.framework */; };
/* End PBXBuildFile section */

/* Begin PBXFileReference section */
		59B602C1A530746911D05323 /* Pods_SwiftUI_MVVM_Map.framework */ = {isa = PBXFileReference; explicitFileType = wrapper.framework; includeInIndex = 0; path = Pods_SwiftUI_MVVM_Map.framework; sourceTree = BUILT_PRODUCTS_DIR; };
		6DCA8F3818B75EFDA26A29F3 /* Pods-SwiftUI_MVVM_Map.release.xcconfig */ = {isa = PBXFileReference; includeInIndex = 1; lastKnownFileType = text.xcconfig; name = "Pods-SwiftUI_MVVM_Map.release.xcconfig"; path = "Target Support Files/Pods-SwiftUI_MVVM_Map/Pods-SwiftUI_MVVM_Map.release.xcconfig"; sourceTree = "<group>"; };
		6E8670B3A5445F99AC1A75CA /* Pods-SwiftUI_MVVM_Map.debug.xcconfig */ = {isa = PBXFileReference; includeInIndex = 1; lastKnownFileType = text.xcconfig; name = "Pods-SwiftUI_MVVM_Map.debug.xcconfig"; path = "Target Support Files/Pods-SwiftUI_MVVM_Map/Pods-SwiftUI_MVVM_Map.debug.xcconfig"; sourceTree = "<group>"; };
		83D88BF22E12563400EE6B69 /* SwiftUI_MVVM_Map.app */ = {isa = PBXFileReference; explicitFileType = wrapper.application; includeInIndex = 0; path = SwiftUI_MVVM_Map.app; sourceTree = BUILT_PRODUCTS_DIR; };
		83D88C002E12564300EE6B69 /* Assets.xcassets */ = {isa = PBXFileReference; lastKnownFileType = folder.assetcatalog; path = Assets.xcassets; sourceTree = "<group>"; };
		83D88C022E12564300EE6B69 /* SwiftUI_MVVM_MapApp.swift */ = {isa = PBXFileReference; lastKnownFileType = sourcecode.swift; path = SwiftUI_MVVM_MapApp.swift; sourceTree = "<group>"; };
		83D88C072E12570000EE6B69 /* AppDelegate.swift */ = {isa = PBXFileReference; lastKnownFileType = sourcecode.swift; path = AppDelegate.swift; sourceTree = "<group>"; };
		83D88C0A2E12576B00EE6B69 /* LocationManager.swift */ = {isa = PBXFileReference; lastKnownFileType = sourcecode.swift; path = LocationManager.swift; sourceTree = "<group>"; };
		83D88C0D2E1257CC00EE6B69 /* GoogleMapView.swift */ = {isa = PBXFileReference; lastKnownFileType = sourcecode.swift; path = GoogleMapView.swift; sourceTree = "<group>"; };
		83D88C102E1257EA00EE6B69 /* CurrentLocationView.swift */ = {isa = PBXFileReference; lastKnownFileType = sourcecode.swift; path = CurrentLocationView.swift; sourceTree = "<group>"; };
		83D88C122E125A6100EE6B69 /* UserLocation.swift */ = {isa = PBXFileReference; lastKnownFileType = sourcecode.swift; path = UserLocation.swift; sourceTree = "<group>"; };
/* End PBXFileReference section */

/* Begin PBXFrameworksBuildPhase section */
		83D88BEF2E12563400EE6B69 /* Frameworks */ = {
			isa = PBXFrameworksBuildPhase;
			buildActionMask = 2147483647;
			files = (
				EDD24D1AF280EB33F445FC24 /* Pods_SwiftUI_MVVM_Map.framework in Frameworks */,
			);
			runOnlyForDeploymentPostprocessing = 0;
		};
/* End PBXFrameworksBuildPhase section */

/* Begin PBXGroup section */
		21A15B483F3EE63FCB2F1F96 /* Frameworks */ = {
			isa = PBXGroup;
			children = (
				59B602C1A530746911D05323 /* Pods_SwiftUI_MVVM_Map.framework */,
			);
			name = Frameworks;
			sourceTree = "<group>";
		};
		83D88BE92E12563400EE6B69 = {
			isa = PBXGroup;
			children = (
				83D88C032E12564300EE6B69 /* SwiftUI_MVVM_Map */,
				83D88BF32E12563400EE6B69 /* Products */,
				E756BD0F1298EF037200B7FA /* Pods */,
				21A15B483F3EE63FCB2F1F96 /* Frameworks */,
			);
			sourceTree = "<group>";
		};
		83D88BF32E12563400EE6B69 /* Products */ = {
			isa = PBXGroup;
			children = (
				83D88BF22E12563400EE6B69 /* SwiftUI_MVVM_Map.app */,
			);
			name = Products;
			sourceTree = "<group>";
		};
		83D88C032E12564300EE6B69 /* SwiftUI_MVVM_Map */ = {
			isa = PBXGroup;
			children = (
				83D88C0F2E1257D300EE6B69 /* Controller */,
				83D88C0C2E1257C100EE6B69 /* View */,
				83D88C092E12575800EE6B69 /* ViewModel */,
				83D88C002E12564300EE6B69 /* Assets.xcassets */,
				83D88C022E12564300EE6B69 /* SwiftUI_MVVM_MapApp.swift */,
				83D88C072E12570000EE6B69 /* AppDelegate.swift */,
			);
			path = SwiftUI_MVVM_Map;
			sourceTree = "<group>";
		};
		83D88C092E12575800EE6B69 /* ViewModel */ = {
			isa = PBXGroup;
			children = (
				83D88C0A2E12576B00EE6B69 /* LocationManager.swift */,
				83D88C122E125A6100EE6B69 /* UserLocation.swift */,
			);
			path = ViewModel;
			sourceTree = "<group>";
		};
		83D88C0C2E1257C100EE6B69 /* View */ = {
			isa = PBXGroup;
			children = (
				83D88C0D2E1257CC00EE6B69 /* GoogleMapView.swift */,
			);
			path = View;
			sourceTree = "<group>";
		};
		83D88C0F2E1257D300EE6B69 /* Controller */ = {
			isa = PBXGroup;
			children = (
				83D88C102E1257EA00EE6B69 /* CurrentLocationView.swift */,
			);
			path = Controller;
			sourceTree = "<group>";
		};
		E756BD0F1298EF037200B7FA /* Pods */ = {
			isa = PBXGroup;
			children = (
				6E8670B3A5445F99AC1A75CA /* Pods-SwiftUI_MVVM_Map.debug.xcconfig */,
				6DCA8F3818B75EFDA26A29F3 /* Pods-SwiftUI_MVVM_Map.release.xcconfig */,
			);
			path = Pods;
			sourceTree = "<group>";
		};
/* End PBXGroup section */

/* Begin PBXNativeTarget section */
		83D88BF12E12563400EE6B69 /* SwiftUI_MVVM_Map */ = {
			isa = PBXNativeTarget;
			buildConfigurationList = 83D88BFD2E12563600EE6B69 /* Build configuration list for PBXNativeTarget "SwiftUI_MVVM_Map" */;
			buildPhases = (
				6D117E28B243C1318DEE70B9 /* [CP] Check Pods Manifest.lock */,
				83D88BEE2E12563400EE6B69 /* Sources */,
				83D88BEF2E12563400EE6B69 /* Frameworks */,
				83D88BF02E12563400EE6B69 /* Resources */,
				FEBA6561A15BA874B96197E6 /* [CP] Copy Pods Resources */,
			);
			buildRules = (
			);
			dependencies = (
			);
			name = SwiftUI_MVVM_Map;
			productName = SwiftUI_MVVM_Map;
			productReference = 83D88BF22E12563400EE6B69 /* SwiftUI_MVVM_Map.app */;
			productType = "com.apple.product-type.application";
		};
/* End PBXNativeTarget section */

/* Begin PBXProject section */
		83D88BEA2E12563400EE6B69 /* Project object */ = {
			isa = PBXProject;
			attributes = {
				BuildIndependentTargetsInParallel = 1;
				LastSwiftUpdateCheck = 1640;
				LastUpgradeCheck = 1640;
				TargetAttributes = {
					83D88BF12E12563400EE6B69 = {
						CreatedOnToolsVersion = 16.4;
					};
				};
			};
			buildConfigurationList = 83D88BED2E12563400EE6B69 /* Build configuration list for PBXProject "SwiftUI_MVVM_Map" */;
			developmentRegion = en;
			hasScannedForEncodings = 0;
			knownRegions = (
				en,
				Base,
			);
			mainGroup = 83D88BE92E12563400EE6B69;
			minimizedProjectReferenceProxies = 1;
			preferredProjectObjectVersion = 77;
			productRefGroup = 83D88BF32E12563400EE6B69 /* Products */;
			projectDirPath = "";
			projectRoot = "";
			targets = (
				83D88BF12E12563400EE6B69 /* SwiftUI_MVVM_Map */,
			);
		};
/* End PBXProject section */

/* Begin PBXResourcesBuildPhase section */
		83D88BF02E12563400EE6B69 /* Resources */ = {
			isa = PBXResourcesBuildPhase;
			buildActionMask = 2147483647;
			files = (
				83D88C062E12564300EE6B69 /* Assets.xcassets in Resources */,
			);
			runOnlyForDeploymentPostprocessing = 0;
		};
/* End PBXResourcesBuildPhase section */

/* Begin PBXShellScriptBuildPhase section */
		6D117E28B243C1318DEE70B9 /* [CP] Check Pods Manifest.lock */ = {
			isa = PBXShellScriptBuildPhase;
			buildActionMask = 2147483647;
			files = (
			);
			inputFileListPaths = (
			);
			inputPaths = (
				"${PODS_PODFILE_DIR_PATH}/Podfile.lock",
				"${PODS_ROOT}/Manifest.lock",
			);
			name = "[CP] Check Pods Manifest.lock";
			outputFileListPaths = (
			);
			outputPaths = (
				"$(DERIVED_FILE_DIR)/Pods-SwiftUI_MVVM_Map-checkManifestLockResult.txt",
			);
			runOnlyForDeploymentPostprocessing = 0;
			shellPath = /bin/sh;
			shellScript = "diff \"${PODS_PODFILE_DIR_PATH}/Podfile.lock\" \"${PODS_ROOT}/Manifest.lock\" > /dev/null\nif [ $? != 0 ] ; then\n    # print error to STDERR\n    echo \"error: The sandbox is not in sync with the Podfile.lock. Run 'pod install' or update your CocoaPods installation.\" >&2\n    exit 1\nfi\n# This output is used by Xcode 'outputs' to avoid re-running this script phase.\necho \"SUCCESS\" > \"${SCRIPT_OUTPUT_FILE_0}\"\n";
			showEnvVarsInLog = 0;
		};
		FEBA6561A15BA874B96197E6 /* [CP] Copy Pods Resources */ = {
			isa = PBXShellScriptBuildPhase;
			buildActionMask = 2147483647;
			files = (
			);
			inputFileListPaths = (
				"${PODS_ROOT}/Target Support Files/Pods-SwiftUI_MVVM_Map/Pods-SwiftUI_MVVM_Map-resources-${CONFIGURATION}-input-files.xcfilelist",
			);
			inputPaths = (
			);
			name = "[CP] Copy Pods Resources";
			outputFileListPaths = (
				"${PODS_ROOT}/Target Support Files/Pods-SwiftUI_MVVM_Map/Pods-SwiftUI_MVVM_Map-resources-${CONFIGURATION}-output-files.xcfilelist",
			);
			outputPaths = (
			);
			runOnlyForDeploymentPostprocessing = 0;
			shellPath = /bin/sh;
			shellScript = "\"${PODS_ROOT}/Target Support Files/Pods-SwiftUI_MVVM_Map/Pods-SwiftUI_MVVM_Map-resources.sh\"\n";
			showEnvVarsInLog = 0;
		};
/* End PBXShellScriptBuildPhase section */

/* Begin PBXSourcesBuildPhase section */
		83D88BEE2E12563400EE6B69 /* Sources */ = {
			isa = PBXSourcesBuildPhase;
			buildActionMask = 2147483647;
			files = (
				83D88C0B2E12576D00EE6B69 /* LocationManager.swift in Sources */,
				83D88C0E2E1257CD00EE6B69 /* GoogleMapView.swift in Sources */,
				83D88C082E12570200EE6B69 /* AppDelegate.swift in Sources */,
				83D88C132E125A6300EE6B69 /* UserLocation.swift in Sources */,
				83D88C112E1257EB00EE6B69 /* CurrentLocationView.swift in Sources */,
				83D88C052E12564300EE6B69 /* SwiftUI_MVVM_MapApp.swift in Sources */,
			);
			runOnlyForDeploymentPostprocessing = 0;
		};
/* End PBXSourcesBuildPhase section */

/* Begin XCBuildConfiguration section */
		83D88BFB2E12563600EE6B69 /* Debug */ = {
			isa = XCBuildConfiguration;
			buildSettings = {
				ALWAYS_SEARCH_USER_PATHS = NO;
				ASSETCATALOG_COMPILER_GENERATE_SWIFT_ASSET_SYMBOL_EXTENSIONS = YES;
				CLANG_ANALYZER_NONNULL = YES;
				CLANG_ANALYZER_NUMBER_OBJECT_CONVERSION = YES_AGGRESSIVE;
				CLANG_CXX_LANGUAGE_STANDARD = "gnu++20";
				CLANG_ENABLE_MODULES = YES;
				CLANG_ENABLE_OBJC_ARC = YES;
				CLANG_ENABLE_OBJC_WEAK = YES;
				CLANG_WARN_BLOCK_CAPTURE_AUTORELEASING = YES;
				CLANG_WARN_BOOL_CONVERSION = YES;
				CLANG_WARN_COMMA = YES;
				CLANG_WARN_CONSTANT_CONVERSION = YES;
				CLANG_WARN_DEPRECATED_OBJC_IMPLEMENTATIONS = YES;
				CLANG_WARN_DIRECT_OBJC_ISA_USAGE = YES_ERROR;
				CLANG_WARN_DOCUMENTATION_COMMENTS = YES;
				CLANG_WARN_EMPTY_BODY = YES;
				CLANG_WARN_ENUM_CONVERSION = YES;
				CLANG_WARN_INFINITE_RECURSION = YES;
				CLANG_WARN_INT_CONVERSION = YES;
				CLANG_WARN_NON_LITERAL_NULL_CONVERSION = YES;
				CLANG_WARN_OBJC_IMPLICIT_RETAIN_SELF = YES;
				CLANG_WARN_OBJC_LITERAL_CONVERSION = YES;
				CLANG_WARN_OBJC_ROOT_CLASS = YES_ERROR;
				CLANG_WARN_QUOTED_INCLUDE_IN_FRAMEWORK_HEADER = YES;
				CLANG_WARN_RANGE_LOOP_ANALYSIS = YES;
				CLANG_WARN_STRICT_PROTOTYPES = YES;
				CLANG_WARN_SUSPICIOUS_MOVE = YES;
				CLANG_WARN_UNGUARDED_AVAILABILITY = YES_AGGRESSIVE;
				CLANG_WARN_UNREACHABLE_CODE = YES;
				CLANG_WARN__DUPLICATE_METHOD_MATCH = YES;
				COPY_PHASE_STRIP = NO;
				DEBUG_INFORMATION_FORMAT = dwarf;
				DEVELOPMENT_TEAM = F9HX937PTQ;
				ENABLE_STRICT_OBJC_MSGSEND = YES;
				ENABLE_TESTABILITY = YES;
				ENABLE_USER_SCRIPT_SANDBOXING = YES;
				GCC_C_LANGUAGE_STANDARD = gnu17;
				GCC_DYNAMIC_NO_PIC = NO;
				GCC_NO_COMMON_BLOCKS = YES;
				GCC_OPTIMIZATION_LEVEL = 0;
				GCC_PREPROCESSOR_DEFINITIONS = (
					"DEBUG=1",
					"$(inherited)",
				);
				GCC_WARN_64_TO_32_BIT_CONVERSION = YES;
				GCC_WARN_ABOUT_RETURN_TYPE = YES_ERROR;
				GCC_WARN_UNDECLARED_SELECTOR = YES;
				GCC_WARN_UNINITIALIZED_AUTOS = YES_AGGRESSIVE;
				GCC_WARN_UNUSED_FUNCTION = YES;
				GCC_WARN_UNUSED_VARIABLE = YES;
				IPHONEOS_DEPLOYMENT_TARGET = 18.5;
				LOCALIZATION_PREFERS_STRING_CATALOGS = YES;
				MTL_ENABLE_DEBUG_INFO = INCLUDE_SOURCE;
				MTL_FAST_MATH = YES;
				ONLY_ACTIVE_ARCH = YES;
				SDKROOT = iphoneos;
				SWIFT_ACTIVE_COMPILATION_CONDITIONS = "DEBUG $(inherited)";
				SWIFT_OPTIMIZATION_LEVEL = "-Onone";
			};
			name = Debug;
		};
		83D88BFC2E12563600EE6B69 /* Release */ = {
			isa = XCBuildConfiguration;
			buildSettings = {
				ALWAYS_SEARCH_USER_PATHS = NO;
				ASSETCATALOG_COMPILER_GENERATE_SWIFT_ASSET_SYMBOL_EXTENSIONS = YES;
				CLANG_ANALYZER_NONNULL = YES;
				CLANG_ANALYZER_NUMBER_OBJECT_CONVERSION = YES_AGGRESSIVE;
				CLANG_CXX_LANGUAGE_STANDARD = "gnu++20";
				CLANG_ENABLE_MODULES = YES;
				CLANG_ENABLE_OBJC_ARC = YES;
				CLANG_ENABLE_OBJC_WEAK = YES;
				CLANG_WARN_BLOCK_CAPTURE_AUTORELEASING = YES;
				CLANG_WARN_BOOL_CONVERSION = YES;
				CLANG_WARN_COMMA = YES;
				CLANG_WARN_CONSTANT_CONVERSION = YES;
				CLANG_WARN_DEPRECATED_OBJC_IMPLEMENTATIONS = YES;
				CLANG_WARN_DIRECT_OBJC_ISA_USAGE = YES_ERROR;
				CLANG_WARN_DOCUMENTATION_COMMENTS = YES;
				CLANG_WARN_EMPTY_BODY = YES;
				CLANG_WARN_ENUM_CONVERSION = YES;
				CLANG_WARN_INFINITE_RECURSION = YES;
				CLANG_WARN_INT_CONVERSION = YES;
				CLANG_WARN_NON_LITERAL_NULL_CONVERSION = YES;
				CLANG_WARN_OBJC_IMPLICIT_RETAIN_SELF = YES;
				CLANG_WARN_OBJC_LITERAL_CONVERSION = YES;
				CLANG_WARN_OBJC_ROOT_CLASS = YES_ERROR;
				CLANG_WARN_QUOTED_INCLUDE_IN_FRAMEWORK_HEADER = YES;
				CLANG_WARN_RANGE_LOOP_ANALYSIS = YES;
				CLANG_WARN_STRICT_PROTOTYPES = YES;
				CLANG_WARN_SUSPICIOUS_MOVE = YES;
				CLANG_WARN_UNGUARDED_AVAILABILITY = YES_AGGRESSIVE;
				CLANG_WARN_UNREACHABLE_CODE = YES;
				CLANG_WARN__DUPLICATE_METHOD_MATCH = YES;
				COPY_PHASE_STRIP = NO;
				DEBUG_INFORMATION_FORMAT = "dwarf-with-dsym";
				DEVELOPMENT_TEAM = F9HX937PTQ;
				ENABLE_NS_ASSERTIONS = NO;
				ENABLE_STRICT_OBJC_MSGSEND = YES;
				ENABLE_USER_SCRIPT_SANDBOXING = YES;
				GCC_C_LANGUAGE_STANDARD = gnu17;
				GCC_NO_COMMON_BLOCKS = YES;
				GCC_WARN_64_TO_32_BIT_CONVERSION = YES;
				GCC_WARN_ABOUT_RETURN_TYPE = YES_ERROR;
				GCC_WARN_UNDECLARED_SELECTOR = YES;
				GCC_WARN_UNINITIALIZED_AUTOS = YES_AGGRESSIVE;
				GCC_WARN_UNUSED_FUNCTION = YES;
				GCC_WARN_UNUSED_VARIABLE = YES;
				IPHONEOS_DEPLOYMENT_TARGET = 18.5;
				LOCALIZATION_PREFERS_STRING_CATALOGS = YES;
				MTL_ENABLE_DEBUG_INFO = NO;
				MTL_FAST_MATH = YES;
				SDKROOT = iphoneos;
				SWIFT_COMPILATION_MODE = wholemodule;
				VALIDATE_PRODUCT = YES;
			};
			name = Release;
		};
		83D88BFE2E12563600EE6B69 /* Debug */ = {
			isa = XCBuildConfiguration;
			baseConfigurationReference = 6E8670B3A5445F99AC1A75CA /* Pods-SwiftUI_MVVM_Map.debug.xcconfig */;
			buildSettings = {
				ASSETCATALOG_COMPILER_APPICON_NAME = AppIcon;
				ASSETCATALOG_COMPILER_GLOBAL_ACCENT_COLOR_NAME = AccentColor;
				CODE_SIGN_STYLE = Automatic;
				CURRENT_PROJECT_VERSION = 1;
				DEVELOPMENT_TEAM = F9HX937PTQ;
				ENABLE_PREVIEWS = YES;
				ENABLE_USER_SCRIPT_SANDBOXING = NO;
				GENERATE_INFOPLIST_FILE = YES;
				INFOPLIST_KEY_NSLocationWhenInUseUsageDescription = "We need your location to show on map";
				INFOPLIST_KEY_UIApplicationSceneManifest_Generation = YES;
				INFOPLIST_KEY_UIApplicationSupportsIndirectInputEvents = YES;
				INFOPLIST_KEY_UILaunchScreen_Generation = YES;
				INFOPLIST_KEY_UISupportedInterfaceOrientations_iPad = "UIInterfaceOrientationPortrait UIInterfaceOrientationPortraitUpsideDown UIInterfaceOrientationLandscapeLeft UIInterfaceOrientationLandscapeRight";
				INFOPLIST_KEY_UISupportedInterfaceOrientations_iPhone = "UIInterfaceOrientationPortrait UIInterfaceOrientationLandscapeLeft UIInterfaceOrientationLandscapeRight";
				INFOPLIST_KEY_UIUserInterfaceStyle = Light;
				IPHONEOS_DEPLOYMENT_TARGET = 15.6;
				LD_RUNPATH_SEARCH_PATHS = (
					"$(inherited)",
					"@executable_path/Frameworks",
				);
				MARKETING_VERSION = 1.0;
				PRODUCT_BUNDLE_IDENTIFIER = "com.entab.SwiftUI-MVVM-Map";
				PRODUCT_NAME = "$(TARGET_NAME)";
				SWIFT_EMIT_LOC_STRINGS = YES;
				SWIFT_VERSION = 5.0;
				TARGETED_DEVICE_FAMILY = "1,2";
			};
			name = Debug;
		};
		83D88BFF2E12563600EE6B69 /* Release */ = {
			isa = XCBuildConfiguration;
			baseConfigurationReference = 6DCA8F3818B75EFDA26A29F3 /* Pods-SwiftUI_MVVM_Map.release.xcconfig */;
			buildSettings = {
				ASSETCATALOG_COMPILER_APPICON_NAME = AppIcon;
				ASSETCATALOG_COMPILER_GLOBAL_ACCENT_COLOR_NAME = AccentColor;
				CODE_SIGN_STYLE = Automatic;
				CURRENT_PROJECT_VERSION = 1;
				DEVELOPMENT_TEAM = F9HX937PTQ;
				ENABLE_PREVIEWS = YES;
				ENABLE_USER_SCRIPT_SANDBOXING = NO;
				GENERATE_INFOPLIST_FILE = YES;
				INFOPLIST_KEY_NSLocationWhenInUseUsageDescription = "We need your location to show on map";
				INFOPLIST_KEY_UIApplicationSceneManifest_Generation = YES;
				INFOPLIST_KEY_UIApplicationSupportsIndirectInputEvents = YES;
				INFOPLIST_KEY_UILaunchScreen_Generation = YES;
				INFOPLIST_KEY_UISupportedInterfaceOrientations_iPad = "UIInterfaceOrientationPortrait UIInterfaceOrientationPortraitUpsideDown UIInterfaceOrientationLandscapeLeft UIInterfaceOrientationLandscapeRight";
				INFOPLIST_KEY_UISupportedInterfaceOrientations_iPhone = "UIInterfaceOrientationPortrait UIInterfaceOrientationLandscapeLeft UIInterfaceOrientationLandscapeRight";
				INFOPLIST_KEY_UIUserInterfaceStyle = Light;
				IPHONEOS_DEPLOYMENT_TARGET = 15.6;
				LD_RUNPATH_SEARCH_PATHS = (
					"$(inherited)",
					"@executable_path/Frameworks",
				);
				MARKETING_VERSION = 1.0;
				PRODUCT_BUNDLE_IDENTIFIER = "com.entab.SwiftUI-MVVM-Map";
				PRODUCT_NAME = "$(TARGET_NAME)";
				SWIFT_EMIT_LOC_STRINGS = YES;
				SWIFT_VERSION = 5.0;
				TARGETED_DEVICE_FAMILY = "1,2";
			};
			name = Release;
		};
/* End XCBuildConfiguration section */

/* Begin XCConfigurationList section */
		83D88BED2E12563400EE6B69 /* Build configuration list for PBXProject "SwiftUI_MVVM_Map" */ = {
			isa = XCConfigurationList;
			buildConfigurations = (
				83D88BFB2E12563600EE6B69 /* Debug */,
				83D88BFC2E12563600EE6B69 /* Release */,
			);
			defaultConfigurationIsVisible = 0;
			defaultConfigurationName = Release;
		};
		83D88BFD2E12563600EE6B69 /* Build configuration list for PBXNativeTarget "SwiftUI_MVVM_Map" */ = {
			isa = XCConfigurationList;
			buildConfigurations = (
				83D88BFE2E12563600EE6B69 /* Debug */,
				83D88BFF2E12563600EE6B69 /* Release */,
			);
			defaultConfigurationIsVisible = 0;
			defaultConfigurationName = Release;
		};
/* End XCConfigurationList section */
	};
	rootObject = 83D88BEA2E12563400EE6B69 /* Project object */;
}
